
Microsoft Visual Studio Solution File, Format Version 12.00
# Visual Studio 2015
Project("{FAE04EC0-301F-11D3-BF4B-00C04F79EFBC}") = "Triton.CSharp", "Triton.CSharp.csproj", "{F2E76953-73A8-2D83-664E-147775EA6B01}"
EndProject
Project("{FAE04EC0-301F-11D3-BF4B-00C04F79EFBC}") = "Triton.CSharp.Editor", "Triton.CSharp.Editor.csproj", "{AB9792AE-50BA-F501-099A-A9DF3F937741}"
EndProject
Global
	GlobalSection(SolutionConfigurationPlatforms) = preSolution
		Debug|Any CPU = Debug|Any CPU
		Release|Any CPU = Release|Any CPU
	EndGlobalSection
	GlobalSection(ProjectConfigurationPlatforms) = postSolution
		{F2E76953-73A8-2D83-664E-147775EA6B01}.Debug|Any CPU.ActiveCfg = Debug|Any CPU
		{F2E76953-73A8-2D83-664E-147775EA6B01}.Debug|Any CPU.Build.0 = Debug|Any CPU
		{F2E76953-73A8-2D83-664E-147775EA6B01}.Release|Any CPU.ActiveCfg = Release|Any CPU
		{F2E76953-73A8-2D83-664E-147775EA6B01}.Release|Any CPU.Build.0 = Release|Any CPU
		{AB9792AE-50BA-F501-099A-A9DF3F937741}.Debug|Any CPU.ActiveCfg = Debug|Any CPU
		{AB9792AE-50BA-F501-099A-A9DF3F937741}.Debug|Any CPU.Build.0 = Debug|Any CPU
		{AB9792AE-50BA-F501-099A-A9DF3F937741}.Release|Any CPU.ActiveCfg = Release|Any CPU
		{AB9792AE-50BA-F501-099A-A9DF3F937741}.Release|Any CPU.Build.0 = Release|Any CPU
	EndGlobalSection
	GlobalSection(SolutionProperties) = preSolution
		HideSolutionNode = FALSE
	EndGlobalSection
EndGlobal
